// !$*UTF8*$!
{
	archiveVersion = 1;
	classes = {
	};
	objectVersion = 55;
	objects = {

/* Begin PBXBuildFile section */
		92103F2A2766B12F00DB190A /* FavouriteView.swift in Sources */ = {isa = PBXBuildFile; fileRef = 92103F292766B12F00DB190A /* FavouriteView.swift */; };
		92103F2E2766B86400DB190A /* HexagonParameters.swift in Sources */ = {isa = PBXBuildFile; fileRef = 92103F2D2766B86400DB190A /* HexagonParameters.swift */; };
		92103F302766B8AE00DB190A /* BadgeBackground.swift in Sources */ = {isa = PBXBuildFile; fileRef = 92103F2F2766B8AE00DB190A /* BadgeBackground.swift */; };
		9251DB282766CFAC0098DFFE /* ProfileEditor.swift in Sources */ = {isa = PBXBuildFile; fileRef = 9251DB272766CFAC0098DFFE /* ProfileEditor.swift */; };
		92AC42ED2766BBA9001E77E6 /* BadgeSymbol.swift in Sources */ = {isa = PBXBuildFile; fileRef = 92AC42EC2766BBA9001E77E6 /* BadgeSymbol.swift */; };
		92AC42EF2766BBFC001E77E6 /* RotatedBadgeSymbol.swift in Sources */ = {isa = PBXBuildFile; fileRef = 92AC42EE2766BBFC001E77E6 /* RotatedBadgeSymbol.swift */; };
		92AC42F22766BC92001E77E6 /* Badge.swift in Sources */ = {isa = PBXBuildFile; fileRef = 92AC42F12766BC92001E77E6 /* Badge.swift */; };
		92AC42F42766BFBC001E77E6 /* hikeData.json in Resources */ = {isa = PBXBuildFile; fileRef = 92AC42F32766BFBC001E77E6 /* hikeData.json */; };
		92AC42F62766BFD9001E77E6 /* Hike.swift in Sources */ = {isa = PBXBuildFile; fileRef = 92AC42F52766BFD9001E77E6 /* Hike.swift */; };
		92AC42FC2766C05B001E77E6 /* GraphCapsule.swift in Sources */ = {isa = PBXBuildFile; fileRef = 92AC42F82766C05B001E77E6 /* GraphCapsule.swift */; };
		92AC42FD2766C05B001E77E6 /* HikeGraph.swift in Sources */ = {isa = PBXBuildFile; fileRef = 92AC42F92766C05B001E77E6 /* HikeGraph.swift */; };
		92AC42FE2766C05B001E77E6 /* HikeDetail.swift in Sources */ = {isa = PBXBuildFile; fileRef = 92AC42FA2766C05B001E77E6 /* HikeDetail.swift */; };
		92AC42FF2766C05B001E77E6 /* HikeView.swift in Sources */ = {isa = PBXBuildFile; fileRef = 92AC42FB2766C05B001E77E6 /* HikeView.swift */; };
		92AC43022766C533001E77E6 /* CategoryHome.swift in Sources */ = {isa = PBXBuildFile; fileRef = 92AC43012766C533001E77E6 /* CategoryHome.swift */; };
		92AC43042766C780001E77E6 /* CategoryRow.swift in Sources */ = {isa = PBXBuildFile; fileRef = 92AC43032766C780001E77E6 /* CategoryRow.swift */; };
		92AC43062766C7AA001E77E6 /* CategoryItem.swift in Sources */ = {isa = PBXBuildFile; fileRef = 92AC43052766C7AA001E77E6 /* CategoryItem.swift */; };
		92AC43082766CA5C001E77E6 /* Profile.swift in Sources */ = {isa = PBXBuildFile; fileRef = 92AC43072766CA5C001E77E6 /* Profile.swift */; };
		92AC430B2766CAB0001E77E6 /* ProfileHost.swift in Sources */ = {isa = PBXBuildFile; fileRef = 92AC430A2766CAB0001E77E6 /* ProfileHost.swift */; };
		92AC430D2766CAF4001E77E6 /* ProfileSummary.swift in Sources */ = {isa = PBXBuildFile; fileRef = 92AC430C2766CAF4001E77E6 /* ProfileSummary.swift */; };
		92AC43112766CB90001E77E6 /* HikeBadge.swift in Sources */ = {isa = PBXBuildFile; fileRef = 92AC43102766CB90001E77E6 /* HikeBadge.swift */; };
		92F40138276259AF00892DC8 /* landmarksApp.swift in Sources */ = {isa = PBXBuildFile; fileRef = 92F40137276259AF00892DC8 /* landmarksApp.swift */; };
		92F4013A276259AF00892DC8 /* ContentView.swift in Sources */ = {isa = PBXBuildFile; fileRef = 92F40139276259AF00892DC8 /* ContentView.swift */; };
		92F4013C276259B000892DC8 /* Assets.xcassets in Resources */ = {isa = PBXBuildFile; fileRef = 92F4013B276259B000892DC8 /* Assets.xcassets */; };
		92F4013F276259B000892DC8 /* Preview Assets.xcassets in Resources */ = {isa = PBXBuildFile; fileRef = 92F4013E276259B000892DC8 /* Preview Assets.xcassets */; };
		92F4014627625CA100892DC8 /* CircleImage.swift in Sources */ = {isa = PBXBuildFile; fileRef = 92F4014527625CA100892DC8 /* CircleImage.swift */; };
		92F4014827625D1500892DC8 /* MapView.swift in Sources */ = {isa = PBXBuildFile; fileRef = 92F4014727625D1500892DC8 /* MapView.swift */; };
		92F4014A27625EA600892DC8 /* landmarkData.json in Resources */ = {isa = PBXBuildFile; fileRef = 92F4014927625EA600892DC8 /* landmarkData.json */; };
		92F4014C27625EC700892DC8 /* Landmark.swift in Sources */ = {isa = PBXBuildFile; fileRef = 92F4014B27625EC700892DC8 /* Landmark.swift */; };
		92F4014E27625F4F00892DC8 /* ModelData.swift in Sources */ = {isa = PBXBuildFile; fileRef = 92F4014D27625F4F00892DC8 /* ModelData.swift */; };
		92F4015327625FE400892DC8 /* LandmarkRow.swift in Sources */ = {isa = PBXBuildFile; fileRef = 92F4015227625FE400892DC8 /* LandmarkRow.swift */; };
		92F401552762606500892DC8 /* LandmarkList.swift in Sources */ = {isa = PBXBuildFile; fileRef = 92F401542762606500892DC8 /* LandmarkList.swift */; };
		92F401572762617600892DC8 /* LandmarkDetail.swift in Sources */ = {isa = PBXBuildFile; fileRef = 92F401562762617600892DC8 /* LandmarkDetail.swift */; };
/* End PBXBuildFile section */

/* Begin PBXFileReference section */
		92103F292766B12F00DB190A /* FavouriteView.swift */ = {isa = PBXFileReference; lastKnownFileType = sourcecode.swift; path = FavouriteView.swift; sourceTree = "<group>"; };
		92103F2D2766B86400DB190A /* HexagonParameters.swift */ = {isa = PBXFileReference; lastKnownFileType = sourcecode.swift; path = HexagonParameters.swift; sourceTree = "<group>"; };
		92103F2F2766B8AE00DB190A /* BadgeBackground.swift */ = {isa = PBXFileReference; lastKnownFileType = sourcecode.swift; path = BadgeBackground.swift; sourceTree = "<group>"; };
		9251DB262766CD080098DFFE /* landmarks.entitlements */ = {isa = PBXFileReference; lastKnownFileType = text.plist.entitlements; path = landmarks.entitlements; sourceTree = "<group>"; };
		9251DB272766CFAC0098DFFE /* ProfileEditor.swift */ = {isa = PBXFileReference; lastKnownFileType = sourcecode.swift; path = ProfileEditor.swift; sourceTree = "<group>"; };
		92AC42EC2766BBA9001E77E6 /* BadgeSymbol.swift */ = {isa = PBXFileReference; lastKnownFileType = sourcecode.swift; path = BadgeSymbol.swift; sourceTree = "<group>"; };
		92AC42EE2766BBFC001E77E6 /* RotatedBadgeSymbol.swift */ = {isa = PBXFileReference; lastKnownFileType = sourcecode.swift; path = RotatedBadgeSymbol.swift; sourceTree = "<group>"; };
		92AC42F12766BC92001E77E6 /* Badge.swift */ = {isa = PBXFileReference; lastKnownFileType = sourcecode.swift; path = Badge.swift; sourceTree = "<group>"; };
		92AC42F32766BFBC001E77E6 /* hikeData.json */ = {isa = PBXFileReference; fileEncoding = 4; lastKnownFileType = text.json; path = hikeData.json; sourceTree = "<group>"; };
		92AC42F52766BFD9001E77E6 /* Hike.swift */ = {isa = PBXFileReference; lastKnownFileType = sourcecode.swift; path = Hike.swift; sourceTree = "<group>"; };
		92AC42F82766C05B001E77E6 /* GraphCapsule.swift */ = {isa = PBXFileReference; fileEncoding = 4; lastKnownFileType = sourcecode.swift; path = GraphCapsule.swift; sourceTree = "<group>"; };
		92AC42F92766C05B001E77E6 /* HikeGraph.swift */ = {isa = PBXFileReference; fileEncoding = 4; lastKnownFileType = sourcecode.swift; path = HikeGraph.swift; sourceTree = "<group>"; };
		92AC42FA2766C05B001E77E6 /* HikeDetail.swift */ = {isa = PBXFileReference; fileEncoding = 4; lastKnownFileType = sourcecode.swift; path = HikeDetail.swift; sourceTree = "<group>"; };
		92AC42FB2766C05B001E77E6 /* HikeView.swift */ = {isa = PBXFileReference; fileEncoding = 4; lastKnownFileType = sourcecode.swift; path = HikeView.swift; sourceTree = "<group>"; };
		92AC43012766C533001E77E6 /* CategoryHome.swift */ = {isa = PBXFileReference; lastKnownFileType = sourcecode.swift; path = CategoryHome.swift; sourceTree = "<group>"; };
		92AC43032766C780001E77E6 /* CategoryRow.swift */ = {isa = PBXFileReference; lastKnownFileType = sourcecode.swift; path = CategoryRow.swift; sourceTree = "<group>"; };
		92AC43052766C7AA001E77E6 /* CategoryItem.swift */ = {isa = PBXFileReference; lastKnownFileType = sourcecode.swift; path = CategoryItem.swift; sourceTree = "<group>"; };
		92AC43072766CA5C001E77E6 /* Profile.swift */ = {isa = PBXFileReference; lastKnownFileType = sourcecode.swift; path = Profile.swift; sourceTree = "<group>"; };
		92AC430A2766CAB0001E77E6 /* ProfileHost.swift */ = {isa = PBXFileReference; lastKnownFileType = sourcecode.swift; path = ProfileHost.swift; sourceTree = "<group>"; };
		92AC430C2766CAF4001E77E6 /* ProfileSummary.swift */ = {isa = PBXFileReference; lastKnownFileType = sourcecode.swift; path = ProfileSummary.swift; sourceTree = "<group>"; };
		92AC43102766CB90001E77E6 /* HikeBadge.swift */ = {isa = PBXFileReference; lastKnownFileType = sourcecode.swift; path = HikeBadge.swift; sourceTree = "<group>"; };
		92F40134276259AF00892DC8 /* landmarks.app */ = {isa = PBXFileReference; explicitFileType = wrapper.application; includeInIndex = 0; path = landmarks.app; sourceTree = BUILT_PRODUCTS_DIR; };
		92F40137276259AF00892DC8 /* landmarksApp.swift */ = {isa = PBXFileReference; lastKnownFileType = sourcecode.swift; path = landmarksApp.swift; sourceTree = "<group>"; };
		92F40139276259AF00892DC8 /* ContentView.swift */ = {isa = PBXFileReference; lastKnownFileType = sourcecode.swift; path = ContentView.swift; sourceTree = "<group>"; };
		92F4013B276259B000892DC8 /* Assets.xcassets */ = {isa = PBXFileReference; lastKnownFileType = folder.assetcatalog; path = Assets.xcassets; sourceTree = "<group>"; };
		92F4013E276259B000892DC8 /* Preview Assets.xcassets */ = {isa = PBXFileReference; lastKnownFileType = folder.assetcatalog; path = "Preview Assets.xcassets"; sourceTree = "<group>"; };
		92F4014527625CA100892DC8 /* CircleImage.swift */ = {isa = PBXFileReference; lastKnownFileType = sourcecode.swift; path = CircleImage.swift; sourceTree = "<group>"; };
		92F4014727625D1500892DC8 /* MapView.swift */ = {isa = PBXFileReference; lastKnownFileType = sourcecode.swift; path = MapView.swift; sourceTree = "<group>"; };
		92F4014927625EA600892DC8 /* landmarkData.json */ = {isa = PBXFileReference; fileEncoding = 4; lastKnownFileType = text.json; path = landmarkData.json; sourceTree = "<group>"; };
		92F4014B27625EC700892DC8 /* Landmark.swift */ = {isa = PBXFileReference; lastKnownFileType = sourcecode.swift; path = Landmark.swift; sourceTree = "<group>"; };
		92F4014D27625F4F00892DC8 /* ModelData.swift */ = {isa = PBXFileReference; lastKnownFileType = sourcecode.swift; path = ModelData.swift; sourceTree = "<group>"; };
		92F4015227625FE400892DC8 /* LandmarkRow.swift */ = {isa = PBXFileReference; lastKnownFileType = sourcecode.swift; path = LandmarkRow.swift; sourceTree = "<group>"; };
		92F401542762606500892DC8 /* LandmarkList.swift */ = {isa = PBXFileReference; lastKnownFileType = sourcecode.swift; path = LandmarkList.swift; sourceTree = "<group>"; };
		92F401562762617600892DC8 /* LandmarkDetail.swift */ = {isa = PBXFileReference; lastKnownFileType = sourcecode.swift; path = LandmarkDetail.swift; sourceTree = "<group>"; };
/* End PBXFileReference section */

/* Begin PBXFrameworksBuildPhase section */
		92F40131276259AF00892DC8 /* Frameworks */ = {
			isa = PBXFrameworksBuildPhase;
			buildActionMask = 2147483647;
			files = (
			);
			runOnlyForDeploymentPostprocessing = 0;
		};
/* End PBXFrameworksBuildPhase section */

/* Begin PBXGroup section */
		92103F2B2766B15C00DB190A /* Landmarks */ = {
			isa = PBXGroup;
			children = (
				92F4015227625FE400892DC8 /* LandmarkRow.swift */,
				92F401542762606500892DC8 /* LandmarkList.swift */,
				92F401562762617600892DC8 /* LandmarkDetail.swift */,
			);
			path = Landmarks;
			sourceTree = "<group>";
		};
		92103F2C2766B16300DB190A /* Helpers */ = {
			isa = PBXGroup;
			children = (
				92F4014727625D1500892DC8 /* MapView.swift */,
				92F4014527625CA100892DC8 /* CircleImage.swift */,
				92103F292766B12F00DB190A /* FavouriteView.swift */,
			);
			path = Helpers;
			sourceTree = "<group>";
		};
		92AC42F02766BC61001E77E6 /* Badge */ = {
			isa = PBXGroup;
			children = (
				92AC42F12766BC92001E77E6 /* Badge.swift */,
				92103F2D2766B86400DB190A /* HexagonParameters.swift */,
				92103F2F2766B8AE00DB190A /* BadgeBackground.swift */,
				92AC42EC2766BBA9001E77E6 /* BadgeSymbol.swift */,
				92AC42EE2766BBFC001E77E6 /* RotatedBadgeSymbol.swift */,
			);
			path = Badge;
			sourceTree = "<group>";
		};
		92AC42F72766C05B001E77E6 /* Hikes */ = {
			isa = PBXGroup;
			children = (
				92AC42F82766C05B001E77E6 /* GraphCapsule.swift */,
				92AC42F92766C05B001E77E6 /* HikeGraph.swift */,
				92AC42FA2766C05B001E77E6 /* HikeDetail.swift */,
				92AC42FB2766C05B001E77E6 /* HikeView.swift */,
				92AC43102766CB90001E77E6 /* HikeBadge.swift */,
			);
			path = Hikes;
			sourceTree = "<group>";
		};
		92AC43002766C514001E77E6 /* Categories */ = {
			isa = PBXGroup;
			children = (
				92AC43012766C533001E77E6 /* CategoryHome.swift */,
				92AC43032766C780001E77E6 /* CategoryRow.swift */,
				92AC43052766C7AA001E77E6 /* CategoryItem.swift */,
			);
			path = Categories;
			sourceTree = "<group>";
		};
		92AC43092766CA9E001E77E6 /* Profiles */ = {
			isa = PBXGroup;
			children = (
				92AC430A2766CAB0001E77E6 /* ProfileHost.swift */,
				92AC430C2766CAF4001E77E6 /* ProfileSummary.swift */,
				9251DB272766CFAC0098DFFE /* ProfileEditor.swift */,
			);
			path = Profiles;
			sourceTree = "<group>";
		};
		92F4012B276259AF00892DC8 = {
			isa = PBXGroup;
			children = (
				92F40136276259AF00892DC8 /* landmarks */,
				92F40135276259AF00892DC8 /* Products */,
			);
			sourceTree = "<group>";
		};
		92F40135276259AF00892DC8 /* Products */ = {
			isa = PBXGroup;
			children = (
				92F40134276259AF00892DC8 /* landmarks.app */,
			);
			name = Products;
			sourceTree = "<group>";
		};
		92F40136276259AF00892DC8 /* landmarks */ = {
			isa = PBXGroup;
			children = (
				9251DB262766CD080098DFFE /* landmarks.entitlements */,
				92F40137276259AF00892DC8 /* landmarksApp.swift */,
				92F4015127625F9300892DC8 /* Model */,
				92F4015027625F9000892DC8 /* Views */,
				92F4014F27625F8800892DC8 /* Resources */,
				92F4013B276259B000892DC8 /* Assets.xcassets */,
				92F4013D276259B000892DC8 /* Preview Content */,
			);
			path = landmarks;
			sourceTree = "<group>";
		};
		92F4013D276259B000892DC8 /* Preview Content */ = {
			isa = PBXGroup;
			children = (
				92F4013E276259B000892DC8 /* Preview Assets.xcassets */,
			);
			path = "Preview Content";
			sourceTree = "<group>";
		};
		92F4014F27625F8800892DC8 /* Resources */ = {
			isa = PBXGroup;
			children = (
				92AC42F32766BFBC001E77E6 /* hikeData.json */,
				92F4014927625EA600892DC8 /* landmarkData.json */,
			);
			path = Resources;
			sourceTree = "<group>";
		};
		92F4015027625F9000892DC8 /* Views */ = {
			isa = PBXGroup;
			children = (
				92F40139276259AF00892DC8 /* ContentView.swift */,
				92AC43092766CA9E001E77E6 /* Profiles */,
				92AC43002766C514001E77E6 /* Categories */,
				92AC42F72766C05B001E77E6 /* Hikes */,
				92103F2B2766B15C00DB190A /* Landmarks */,
				92103F2C2766B16300DB190A /* Helpers */,
				92AC42F02766BC61001E77E6 /* Badge */,
			);
			path = Views;
			sourceTree = "<group>";
		};
		92F4015127625F9300892DC8 /* Model */ = {
			isa = PBXGroup;
			children = (
				92F4014D27625F4F00892DC8 /* ModelData.swift */,
				92F4014B27625EC700892DC8 /* Landmark.swift */,
				92AC42F52766BFD9001E77E6 /* Hike.swift */,
				92AC43072766CA5C001E77E6 /* Profile.swift */,
			);
			path = Model;
			sourceTree = "<group>";
		};
/* End PBXGroup section */

/* Begin PBXNativeTarget section */
		92F40133276259AF00892DC8 /* landmarks */ = {
			isa = PBXNativeTarget;
			buildConfigurationList = 92F40142276259B000892DC8 /* Build configuration list for PBXNativeTarget "landmarks" */;
			buildPhases = (
				92F40130276259AF00892DC8 /* Sources */,
				92F40131276259AF00892DC8 /* Frameworks */,
				92F40132276259AF00892DC8 /* Resources */,
			);
			buildRules = (
			);
			dependencies = (
			);
			name = landmarks;
			productName = landmarks;
			productReference = 92F40134276259AF00892DC8 /* landmarks.app */;
			productType = "com.apple.product-type.application";
		};
/* End PBXNativeTarget section */

/* Begin PBXProject section */
		92F4012C276259AF00892DC8 /* Project object */ = {
			isa = PBXProject;
			attributes = {
				BuildIndependentTargetsInParallel = 1;
				LastSwiftUpdateCheck = 1310;
				LastUpgradeCheck = 1310;
				TargetAttributes = {
					92F40133276259AF00892DC8 = {
						CreatedOnToolsVersion = 13.1;
					};
				};
			};
			buildConfigurationList = 92F4012F276259AF00892DC8 /* Build configuration list for PBXProject "landmarks" */;
			compatibilityVersion = "Xcode 13.0";
			developmentRegion = en;
			hasScannedForEncodings = 0;
			knownRegions = (
				en,
				Base,
			);
			mainGroup = 92F4012B276259AF00892DC8;
			productRefGroup = 92F40135276259AF00892DC8 /* Products */;
			projectDirPath = "";
			projectRoot = "";
			targets = (
				92F40133276259AF00892DC8 /* landmarks */,
			);
		};
/* End PBXProject section */

/* Begin PBXResourcesBuildPhase section */
		92F40132276259AF00892DC8 /* Resources */ = {
			isa = PBXResourcesBuildPhase;
			buildActionMask = 2147483647;
			files = (
				92AC42F42766BFBC001E77E6 /* hikeData.json in Resources */,
				92F4013F276259B000892DC8 /* Preview Assets.xcassets in Resources */,
				92F4013C276259B000892DC8 /* Assets.xcassets in Resources */,
				92F4014A27625EA600892DC8 /* landmarkData.json in Resources */,
			);
			runOnlyForDeploymentPostprocessing = 0;
		};
/* End PBXResourcesBuildPhase section */

/* Begin PBXSourcesBuildPhase section */
		92F40130276259AF00892DC8 /* Sources */ = {
			isa = PBXSourcesBuildPhase;
			buildActionMask = 2147483647;
			files = (
				92AC43042766C780001E77E6 /* CategoryRow.swift in Sources */,
				92AC43082766CA5C001E77E6 /* Profile.swift in Sources */,
				92F4013A276259AF00892DC8 /* ContentView.swift in Sources */,
				92AC43022766C533001E77E6 /* CategoryHome.swift in Sources */,
				92AC42FD2766C05B001E77E6 /* HikeGraph.swift in Sources */,
				92AC42F22766BC92001E77E6 /* Badge.swift in Sources */,
				92F4014827625D1500892DC8 /* MapView.swift in Sources */,
				92AC42FC2766C05B001E77E6 /* GraphCapsule.swift in Sources */,
				92103F2A2766B12F00DB190A /* FavouriteView.swift in Sources */,
				92F40138276259AF00892DC8 /* landmarksApp.swift in Sources */,
				92AC43062766C7AA001E77E6 /* CategoryItem.swift in Sources */,
				92AC42FE2766C05B001E77E6 /* HikeDetail.swift in Sources */,
				92AC430D2766CAF4001E77E6 /* ProfileSummary.swift in Sources */,
				92103F2E2766B86400DB190A /* HexagonParameters.swift in Sources */,
				92AC430B2766CAB0001E77E6 /* ProfileHost.swift in Sources */,
				92AC42F62766BFD9001E77E6 /* Hike.swift in Sources */,
				92AC42EF2766BBFC001E77E6 /* RotatedBadgeSymbol.swift in Sources */,
				92AC42ED2766BBA9001E77E6 /* BadgeSymbol.swift in Sources */,
				9251DB282766CFAC0098DFFE /* ProfileEditor.swift in Sources */,
				92F401552762606500892DC8 /* LandmarkList.swift in Sources */,
				92AC42FF2766C05B001E77E6 /* HikeView.swift in Sources */,
				92F401572762617600892DC8 /* LandmarkDetail.swift in Sources */,
				92103F302766B8AE00DB190A /* BadgeBackground.swift in Sources */,
				92AC43112766CB90001E77E6 /* HikeBadge.swift in Sources */,
				92F4014627625CA100892DC8 /* CircleImage.swift in Sources */,
				92F4014C27625EC700892DC8 /* Landmark.swift in Sources */,
				92F4015327625FE400892DC8 /* LandmarkRow.swift in Sources */,
				92F4014E27625F4F00892DC8 /* ModelData.swift in Sources */,
			);
			runOnlyForDeploymentPostprocessing = 0;
		};
/* End PBXSourcesBuildPhase section */

/* Begin XCBuildConfiguration section */
		92F40140276259B000892DC8 /* Debug */ = {
			isa = XCBuildConfiguration;
			buildSettings = {
				ALWAYS_SEARCH_USER_PATHS = NO;
				CLANG_ANALYZER_NONNULL = YES;
				CLANG_ANALYZER_NUMBER_OBJECT_CONVERSION = YES_AGGRESSIVE;
				CLANG_CXX_LANGUAGE_STANDARD = "gnu++17";
				CLANG_CXX_LIBRARY = "libc++";
				CLANG_ENABLE_MODULES = YES;
				CLANG_ENABLE_OBJC_ARC = YES;
				CLANG_ENABLE_OBJC_WEAK = YES;
				CLANG_WARN_BLOCK_CAPTURE_AUTORELEASING = YES;
				CLANG_WARN_BOOL_CONVERSION = YES;
				CLANG_WARN_COMMA = YES;
				CLANG_WARN_CONSTANT_CONVERSION = YES;
				CLANG_WARN_DEPRECATED_OBJC_IMPLEMENTATIONS = YES;
				CLANG_WARN_DIRECT_OBJC_ISA_USAGE = YES_ERROR;
				CLANG_WARN_DOCUMENTATION_COMMENTS = YES;
				CLANG_WARN_EMPTY_BODY = YES;
				CLANG_WARN_ENUM_CONVERSION = YES;
				CLANG_WARN_INFINITE_RECURSION = YES;
				CLANG_WARN_INT_CONVERSION = YES;
				CLANG_WARN_NON_LITERAL_NULL_CONVERSION = YES;
				CLANG_WARN_OBJC_IMPLICIT_RETAIN_SELF = YES;
				CLANG_WARN_OBJC_LITERAL_CONVERSION = YES;
				CLANG_WARN_OBJC_ROOT_CLASS = YES_ERROR;
				CLANG_WARN_QUOTED_INCLUDE_IN_FRAMEWORK_HEADER = YES;
				CLANG_WARN_RANGE_LOOP_ANALYSIS = YES;
				CLANG_WARN_STRICT_PROTOTYPES = YES;
				CLANG_WARN_SUSPICIOUS_MOVE = YES;
				CLANG_WARN_UNGUARDED_AVAILABILITY = YES_AGGRESSIVE;
				CLANG_WARN_UNREACHABLE_CODE = YES;
				CLANG_WARN__DUPLICATE_METHOD_MATCH = YES;
				COPY_PHASE_STRIP = NO;
				DEBUG_INFORMATION_FORMAT = dwarf;
				ENABLE_STRICT_OBJC_MSGSEND = YES;
				ENABLE_TESTABILITY = YES;
				GCC_C_LANGUAGE_STANDARD = gnu11;
				GCC_DYNAMIC_NO_PIC = NO;
				GCC_NO_COMMON_BLOCKS = YES;
				GCC_OPTIMIZATION_LEVEL = 0;
				GCC_PREPROCESSOR_DEFINITIONS = (
					"DEBUG=1",
					"$(inherited)",
				);
				GCC_WARN_64_TO_32_BIT_CONVERSION = YES;
				GCC_WARN_ABOUT_RETURN_TYPE = YES_ERROR;
				GCC_WARN_UNDECLARED_SELECTOR = YES;
				GCC_WARN_UNINITIALIZED_AUTOS = YES_AGGRESSIVE;
				GCC_WARN_UNUSED_FUNCTION = YES;
				GCC_WARN_UNUSED_VARIABLE = YES;
				IPHONEOS_DEPLOYMENT_TARGET = 15.0;
				MTL_ENABLE_DEBUG_INFO = INCLUDE_SOURCE;
				MTL_FAST_MATH = YES;
				ONLY_ACTIVE_ARCH = YES;
				SDKROOT = iphoneos;
				SWIFT_ACTIVE_COMPILATION_CONDITIONS = DEBUG;
				SWIFT_OPTIMIZATION_LEVEL = "-Onone";
			};
			name = Debug;
		};
		92F40141276259B000892DC8 /* Release */ = {
			isa = XCBuildConfiguration;
			buildSettings = {
				ALWAYS_SEARCH_USER_PATHS = NO;
				CLANG_ANALYZER_NONNULL = YES;
				CLANG_ANALYZER_NUMBER_OBJECT_CONVERSION = YES_AGGRESSIVE;
				CLANG_CXX_LANGUAGE_STANDARD = "gnu++17";
				CLANG_CXX_LIBRARY = "libc++";
				CLANG_ENABLE_MODULES = YES;
				CLANG_ENABLE_OBJC_ARC = YES;
				CLANG_ENABLE_OBJC_WEAK = YES;
				CLANG_WARN_BLOCK_CAPTURE_AUTORELEASING = YES;
				CLANG_WARN_BOOL_CONVERSION = YES;
				CLANG_WARN_COMMA = YES;
				CLANG_WARN_CONSTANT_CONVERSION = YES;
				CLANG_WARN_DEPRECATED_OBJC_IMPLEMENTATIONS = YES;
				CLANG_WARN_DIRECT_OBJC_ISA_USAGE = YES_ERROR;
				CLANG_WARN_DOCUMENTATION_COMMENTS = YES;
				CLANG_WARN_EMPTY_BODY = YES;
				CLANG_WARN_ENUM_CONVERSION = YES;
				CLANG_WARN_INFINITE_RECURSION = YES;
				CLANG_WARN_INT_CONVERSION = YES;
				CLANG_WARN_NON_LITERAL_NULL_CONVERSION = YES;
				CLANG_WARN_OBJC_IMPLICIT_RETAIN_SELF = YES;
				CLANG_WARN_OBJC_LITERAL_CONVERSION = YES;
				CLANG_WARN_OBJC_ROOT_CLASS = YES_ERROR;
				CLANG_WARN_QUOTED_INCLUDE_IN_FRAMEWORK_HEADER = YES;
				CLANG_WARN_RANGE_LOOP_ANALYSIS = YES;
				CLANG_WARN_STRICT_PROTOTYPES = YES;
				CLANG_WARN_SUSPICIOUS_MOVE = YES;
				CLANG_WARN_UNGUARDED_AVAILABILITY = YES_AGGRESSIVE;
				CLANG_WARN_UNREACHABLE_CODE = YES;
				CLANG_WARN__DUPLICATE_METHOD_MATCH = YES;
				COPY_PHASE_STRIP = NO;
				DEBUG_INFORMATION_FORMAT = "dwarf-with-dsym";
				ENABLE_NS_ASSERTIONS = NO;
				ENABLE_STRICT_OBJC_MSGSEND = YES;
				GCC_C_LANGUAGE_STANDARD = gnu11;
				GCC_NO_COMMON_BLOCKS = YES;
				GCC_WARN_64_TO_32_BIT_CONVERSION = YES;
				GCC_WARN_ABOUT_RETURN_TYPE = YES_ERROR;
				GCC_WARN_UNDECLARED_SELECTOR = YES;
				GCC_WARN_UNINITIALIZED_AUTOS = YES_AGGRESSIVE;
				GCC_WARN_UNUSED_FUNCTION = YES;
				GCC_WARN_UNUSED_VARIABLE = YES;
				IPHONEOS_DEPLOYMENT_TARGET = 15.0;
				MTL_ENABLE_DEBUG_INFO = NO;
				MTL_FAST_MATH = YES;
				SDKROOT = iphoneos;
				SWIFT_COMPILATION_MODE = wholemodule;
				SWIFT_OPTIMIZATION_LEVEL = "-O";
				VALIDATE_PRODUCT = YES;
			};
			name = Release;
		};
		92F40143276259B000892DC8 /* Debug */ = {
			isa = XCBuildConfiguration;
			buildSettings = {
				ASSETCATALOG_COMPILER_APPICON_NAME = AppIcon;
				ASSETCATALOG_COMPILER_GLOBAL_ACCENT_COLOR_NAME = AccentColor;
				CODE_SIGN_ENTITLEMENTS = landmarks/landmarks.entitlements;
				CODE_SIGN_STYLE = Automatic;
				CURRENT_PROJECT_VERSION = 1;
				DEVELOPMENT_ASSET_PATHS = "\"landmarks/Preview Content\"";
				DEVELOPMENT_TEAM = GR6SL6LH76;
				ENABLE_PREVIEWS = YES;
				GENERATE_INFOPLIST_FILE = YES;
				INFOPLIST_KEY_UIApplicationSceneManifest_Generation = YES;
				INFOPLIST_KEY_UIApplicationSupportsIndirectInputEvents = YES;
				INFOPLIST_KEY_UILaunchScreen_Generation = YES;
				INFOPLIST_KEY_UISupportedInterfaceOrientations_iPad = "UIInterfaceOrientationPortrait UIInterfaceOrientationPortraitUpsideDown UIInterfaceOrientationLandscapeLeft UIInterfaceOrientationLandscapeRight";
				INFOPLIST_KEY_UISupportedInterfaceOrientations_iPhone = "UIInterfaceOrientationPortrait UIInterfaceOrientationLandscapeLeft UIInterfaceOrientationLandscapeRight";
				LD_RUNPATH_SEARCH_PATHS = (
					"$(inherited)",
					"@executable_path/Frameworks",
				);
				MARKETING_VERSION = 1.0;
				PRODUCT_BUNDLE_IDENTIFIER = com.vincentcloutier.landmarks;
				PRODUCT_NAME = "$(TARGET_NAME)";
				SUPPORTS_MACCATALYST = YES;
				SWIFT_EMIT_LOC_STRINGS = YES;
				SWIFT_VERSION = 5.0;
				TARGETED_DEVICE_FAMILY = "1,2";
			};
			name = Debug;
		};
		92F40144276259B000892DC8 /* Release */ = {
			isa = XCBuildConfiguration;
			buildSettings = {
				ASSETCATALOG_COMPILER_APPICON_NAME = AppIcon;
				ASSETCATALOG_COMPILER_GLOBAL_ACCENT_COLOR_NAME = AccentColor;
				CODE_SIGN_ENTITLEMENTS = landmarks/landmarks.entitlements;
				CODE_SIGN_STYLE = Automatic;
				CURRENT_PROJECT_VERSION = 1;
				DEVELOPMENT_ASSET_PATHS = "\"landmarks/Preview Content\"";
				DEVELOPMENT_TEAM = GR6SL6LH76;
				ENABLE_PREVIEWS = YES;
				GENERATE_INFOPLIST_FILE = YES;
				INFOPLIST_KEY_UIApplicationSceneManifest_Generation = YES;
				INFOPLIST_KEY_UIApplicationSupportsIndirectInputEvents = YES;
				INFOPLIST_KEY_UILaunchScreen_Generation = YES;
				INFOPLIST_KEY_UISupportedInterfaceOrientations_iPad = "UIInterfaceOrientationPortrait UIInterfaceOrientationPortraitUpsideDown UIInterfaceOrientationLandscapeLeft UIInterfaceOrientationLandscapeRight";
				INFOPLIST_KEY_UISupportedInterfaceOrientations_iPhone = "UIInterfaceOrientationPortrait UIInterfaceOrientationLandscapeLeft UIInterfaceOrientationLandscapeRight";
				LD_RUNPATH_SEARCH_PATHS = (
					"$(inherited)",
					"@executable_path/Frameworks",
				);
				MARKETING_VERSION = 1.0;
				PRODUCT_BUNDLE_IDENTIFIER = com.vincentcloutier.landmarks;
				PRODUCT_NAME = "$(TARGET_NAME)";
				SUPPORTS_MACCATALYST = YES;
				SWIFT_EMIT_LOC_STRINGS = YES;
				SWIFT_VERSION = 5.0;
				TARGETED_DEVICE_FAMILY = "1,2";
			};
			name = Release;
		};
/* End XCBuildConfiguration section */

/* Begin XCConfigurationList section */
		92F4012F276259AF00892DC8 /* Build configuration list for PBXProject "landmarks" */ = {
			isa = XCConfigurationList;
			buildConfigurations = (
				92F40140276259B000892DC8 /* Debug */,
				92F40141276259B000892DC8 /* Release */,
			);
			defaultConfigurationIsVisible = 0;
			defaultConfigurationName = Release;
		};
		92F40142276259B000892DC8 /* Build configuration list for PBXNativeTarget "landmarks" */ = {
			isa = XCConfigurationList;
			buildConfigurations = (
				92F40143276259B000892DC8 /* Debug */,
				92F40144276259B000892DC8 /* Release */,
			);
			defaultConfigurationIsVisible = 0;
			defaultConfigurationName = Release;
		};
/* End XCConfigurationList section */
	};
	rootObject = 92F4012C276259AF00892DC8 /* Project object */;
}
